
Microsoft Visual Studio Solution File, Format Version 12.00
# Visual Studio 2012
Project("{2150E333-8FDC-42A3-9474-1A3956D46DE8}") = "Essences", "Essences", "{67035B1E-EB72-419C-BE61-5B1EE45B0554}"
EndProject
Project("{FAE04EC0-301F-11D3-BF4B-00C04F79EFBC}") = "eCommerce.Core", "eCommerce.Core\eCommerce.Core.csproj", "{5895A87C-27F7-4E7A-B159-36E7F88E493B}"
EndProject
Project("{2150E333-8FDC-42A3-9474-1A3956D46DE8}") = "Web", "Web", "{4DA9743F-6DFA-4402-AF32-5CD665C43A14}"
EndProject
Project("{FAE04EC0-301F-11D3-BF4B-00C04F79EFBC}") = "eCommerce.Web", "eCommerce.Web\eCommerce.Web.csproj", "{86A63571-0095-4532-A3DA-16D0B740A608}"
	ProjectSection(ProjectDependencies) = postProject
		{E6BFA1FD-F3CB-4B60-BC8A-E73989CC0123} = {E6BFA1FD-F3CB-4B60-BC8A-E73989CC0123}
	EndProjectSection
EndProject
Project("{FAE04EC0-301F-11D3-BF4B-00C04F79EFBC}") = "eCommerce.Web.Framework", "eCommerce.Web.Framework\eCommerce.Web.Framework.csproj", "{8AA01AA2-16B6-4BC4-A9B3-C86F73226932}"
EndProject
Project("{2150E333-8FDC-42A3-9474-1A3956D46DE8}") = "Tests", "Tests", "{6A05FD55-1745-4433-986F-F3E1B6233689}"
EndProject
Project("{FAE04EC0-301F-11D3-BF4B-00C04F79EFBC}") = "eCommerce.Core.Tests", "eCommerce.Core.Tests\eCommerce.Core.Tests.csproj", "{CC6F4003-9649-48A2-A291-91AB2187D30B}"
EndProject
Project("{FAE04EC0-301F-11D3-BF4B-00C04F79EFBC}") = "eCommerce.Exception", "eCommerce.Exception\eCommerce.Exception.csproj", "{0AAF2806-72C7-4212-8023-8843C2CD0DE4}"
EndProject
Project("{FAE04EC0-301F-11D3-BF4B-00C04F79EFBC}") = "eCommerce.Data", "eCommerce.Data\eCommerce.Data.csproj", "{E8F92F43-05EC-475C-8B57-FBBC3C1436FE}"
EndProject
Project("{FAE04EC0-301F-11D3-BF4B-00C04F79EFBC}") = "eCommerce.Data.Tests", "eCommerce.Data.Tests\eCommerce.Data.Tests.csproj", "{A14B94C8-D90B-4693-882E-EA811DBEB3EC}"
EndProject
Project("{FAE04EC0-301F-11D3-BF4B-00C04F79EFBC}") = "eCommerce.Services", "eCommerce.Services\eCommerce.Services.csproj", "{68C251BC-69BD-4ECE-9D62-F895C6E0DE79}"
EndProject
Project("{2150E333-8FDC-42A3-9474-1A3956D46DE8}") = "Implement", "Implement", "{6DD6585E-F85F-44EF-966C-67E941E998D1}"
EndProject
Project("{FAE04EC0-301F-11D3-BF4B-00C04F79EFBC}") = "eCommerce.Web.Injection", "eCommerce.Web.Injection\eCommerce.Web.Injection.csproj", "{E6BFA1FD-F3CB-4B60-BC8A-E73989CC0123}"
EndProject
Project("{FAE04EC0-301F-11D3-BF4B-00C04F79EFBC}") = "eCommerce.Wcf.Services", "eCommerce.Wcf.Services\eCommerce.Wcf.Services.csproj", "{15B3E0D2-6217-493A-A690-158C497F5318}"
EndProject
Project("{2150E333-8FDC-42A3-9474-1A3956D46DE8}") = ".nuget", ".nuget", "{904610FC-C766-4A8A-9E16-986BDA38A5E6}"
	ProjectSection(SolutionItems) = preProject
		.nuget\packages.config = .nuget\packages.config
	EndProjectSection
EndProject
Project("{FAE04EC0-301F-11D3-BF4B-00C04F79EFBC}") = "eCommerce.Wcf.IISHost", "eCommerce.Wcf.IISHost\eCommerce.Wcf.IISHost.csproj", "{3E914575-74B7-4AD8-A5AA-7ABC54F731CE}"
EndProject
Project("{2150E333-8FDC-42A3-9474-1A3956D46DE8}") = "Data", "Data", "{32823EEC-A634-4EBD-8B16-E5D69CBCADD3}"
EndProject
Project("{FAE04EC0-301F-11D3-BF4B-00C04F79EFBC}") = "eCommerce.Web.Framework.Tests", "eCommerce.Web.Framework.Tests\eCommerce.Web.Framework.Tests.csproj", "{DB6AFE33-C55D-4CAC-87F2-8DE4B07084CB}"
EndProject
Project("{FAE04EC0-301F-11D3-BF4B-00C04F79EFBC}") = "eCommerce.Wcf.DataServices", "eCommerce.Wcf.DataServices\eCommerce.Wcf.DataServices.csproj", "{50F9AB07-41C7-4D8E-92EE-BB5C0B883A2F}"
EndProject
Project("{2150E333-8FDC-42A3-9474-1A3956D46DE8}") = "ServerServices", "ServerServices", "{FB54E0A0-768C-4E6E-B41D-D5D02CB61172}"
EndProject
Project("{2150E333-8FDC-42A3-9474-1A3956D46DE8}") = "Hosts", "Hosts", "{5F60302A-5BA5-4EAC-B72A-E092CFE0DF72}"
EndProject
Global
	GlobalSection(SolutionConfigurationPlatforms) = preSolution
		Debug|Any CPU = Debug|Any CPU
		Release|Any CPU = Release|Any CPU
	EndGlobalSection
	GlobalSection(ProjectConfigurationPlatforms) = postSolution
		{5895A87C-27F7-4E7A-B159-36E7F88E493B}.Debug|Any CPU.ActiveCfg = Debug|Any CPU
		{5895A87C-27F7-4E7A-B159-36E7F88E493B}.Debug|Any CPU.Build.0 = Debug|Any CPU
		{5895A87C-27F7-4E7A-B159-36E7F88E493B}.Release|Any CPU.ActiveCfg = Release|Any CPU
		{5895A87C-27F7-4E7A-B159-36E7F88E493B}.Release|Any CPU.Build.0 = Release|Any CPU
		{86A63571-0095-4532-A3DA-16D0B740A608}.Debug|Any CPU.ActiveCfg = Debug|Any CPU
		{86A63571-0095-4532-A3DA-16D0B740A608}.Debug|Any CPU.Build.0 = Debug|Any CPU
		{86A63571-0095-4532-A3DA-16D0B740A608}.Release|Any CPU.ActiveCfg = Release|Any CPU
		{86A63571-0095-4532-A3DA-16D0B740A608}.Release|Any CPU.Build.0 = Release|Any CPU
		{8AA01AA2-16B6-4BC4-A9B3-C86F73226932}.Debug|Any CPU.ActiveCfg = Debug|Any CPU
		{8AA01AA2-16B6-4BC4-A9B3-C86F73226932}.Debug|Any CPU.Build.0 = Debug|Any CPU
		{8AA01AA2-16B6-4BC4-A9B3-C86F73226932}.Release|Any CPU.ActiveCfg = Release|Any CPU
		{8AA01AA2-16B6-4BC4-A9B3-C86F73226932}.Release|Any CPU.Build.0 = Release|Any CPU
		{CC6F4003-9649-48A2-A291-91AB2187D30B}.Debug|Any CPU.ActiveCfg = Debug|Any CPU
		{CC6F4003-9649-48A2-A291-91AB2187D30B}.Debug|Any CPU.Build.0 = Debug|Any CPU
		{CC6F4003-9649-48A2-A291-91AB2187D30B}.Release|Any CPU.ActiveCfg = Release|Any CPU
		{CC6F4003-9649-48A2-A291-91AB2187D30B}.Release|Any CPU.Build.0 = Release|Any CPU
		{0AAF2806-72C7-4212-8023-8843C2CD0DE4}.Debug|Any CPU.ActiveCfg = Debug|Any CPU
		{0AAF2806-72C7-4212-8023-8843C2CD0DE4}.Debug|Any CPU.Build.0 = Debug|Any CPU
		{0AAF2806-72C7-4212-8023-8843C2CD0DE4}.Release|Any CPU.ActiveCfg = Release|Any CPU
		{0AAF2806-72C7-4212-8023-8843C2CD0DE4}.Release|Any CPU.Build.0 = Release|Any CPU
		{E8F92F43-05EC-475C-8B57-FBBC3C1436FE}.Debug|Any CPU.ActiveCfg = Debug|Any CPU
		{E8F92F43-05EC-475C-8B57-FBBC3C1436FE}.Debug|Any CPU.Build.0 = Debug|Any CPU
		{E8F92F43-05EC-475C-8B57-FBBC3C1436FE}.Release|Any CPU.ActiveCfg = Release|Any CPU
		{E8F92F43-05EC-475C-8B57-FBBC3C1436FE}.Release|Any CPU.Build.0 = Release|Any CPU
		{A14B94C8-D90B-4693-882E-EA811DBEB3EC}.Debug|Any CPU.ActiveCfg = Debug|Any CPU
		{A14B94C8-D90B-4693-882E-EA811DBEB3EC}.Debug|Any CPU.Build.0 = Debug|Any CPU
		{A14B94C8-D90B-4693-882E-EA811DBEB3EC}.Release|Any CPU.ActiveCfg = Release|Any CPU
		{A14B94C8-D90B-4693-882E-EA811DBEB3EC}.Release|Any CPU.Build.0 = Release|Any CPU
		{68C251BC-69BD-4ECE-9D62-F895C6E0DE79}.Debug|Any CPU.ActiveCfg = Debug|Any CPU
		{68C251BC-69BD-4ECE-9D62-F895C6E0DE79}.Debug|Any CPU.Build.0 = Debug|Any CPU
		{68C251BC-69BD-4ECE-9D62-F895C6E0DE79}.Release|Any CPU.ActiveCfg = Release|Any CPU
		{68C251BC-69BD-4ECE-9D62-F895C6E0DE79}.Release|Any CPU.Build.0 = Release|Any CPU
		{E6BFA1FD-F3CB-4B60-BC8A-E73989CC0123}.Debug|Any CPU.ActiveCfg = Debug|Any CPU
		{E6BFA1FD-F3CB-4B60-BC8A-E73989CC0123}.Debug|Any CPU.Build.0 = Debug|Any CPU
		{E6BFA1FD-F3CB-4B60-BC8A-E73989CC0123}.Release|Any CPU.ActiveCfg = Release|Any CPU
		{E6BFA1FD-F3CB-4B60-BC8A-E73989CC0123}.Release|Any CPU.Build.0 = Release|Any CPU
		{15B3E0D2-6217-493A-A690-158C497F5318}.Debug|Any CPU.ActiveCfg = Debug|Any CPU
		{15B3E0D2-6217-493A-A690-158C497F5318}.Debug|Any CPU.Build.0 = Debug|Any CPU
		{15B3E0D2-6217-493A-A690-158C497F5318}.Release|Any CPU.ActiveCfg = Release|Any CPU
		{15B3E0D2-6217-493A-A690-158C497F5318}.Release|Any CPU.Build.0 = Release|Any CPU
		{3E914575-74B7-4AD8-A5AA-7ABC54F731CE}.Debug|Any CPU.ActiveCfg = Debug|Any CPU
		{3E914575-74B7-4AD8-A5AA-7ABC54F731CE}.Debug|Any CPU.Build.0 = Debug|Any CPU
		{3E914575-74B7-4AD8-A5AA-7ABC54F731CE}.Release|Any CPU.ActiveCfg = Release|Any CPU
		{3E914575-74B7-4AD8-A5AA-7ABC54F731CE}.Release|Any CPU.Build.0 = Release|Any CPU
		{DB6AFE33-C55D-4CAC-87F2-8DE4B07084CB}.Debug|Any CPU.ActiveCfg = Debug|Any CPU
		{DB6AFE33-C55D-4CAC-87F2-8DE4B07084CB}.Debug|Any CPU.Build.0 = Debug|Any CPU
		{DB6AFE33-C55D-4CAC-87F2-8DE4B07084CB}.Release|Any CPU.ActiveCfg = Release|Any CPU
		{DB6AFE33-C55D-4CAC-87F2-8DE4B07084CB}.Release|Any CPU.Build.0 = Release|Any CPU
		{50F9AB07-41C7-4D8E-92EE-BB5C0B883A2F}.Debug|Any CPU.ActiveCfg = Debug|Any CPU
		{50F9AB07-41C7-4D8E-92EE-BB5C0B883A2F}.Debug|Any CPU.Build.0 = Debug|Any CPU
		{50F9AB07-41C7-4D8E-92EE-BB5C0B883A2F}.Release|Any CPU.ActiveCfg = Release|Any CPU
		{50F9AB07-41C7-4D8E-92EE-BB5C0B883A2F}.Release|Any CPU.Build.0 = Release|Any CPU
	EndGlobalSection
	GlobalSection(SolutionProperties) = preSolution
		HideSolutionNode = FALSE
	EndGlobalSection
	GlobalSection(NestedProjects) = preSolution
		{5895A87C-27F7-4E7A-B159-36E7F88E493B} = {67035B1E-EB72-419C-BE61-5B1EE45B0554}
		{0AAF2806-72C7-4212-8023-8843C2CD0DE4} = {67035B1E-EB72-419C-BE61-5B1EE45B0554}
		{86A63571-0095-4532-A3DA-16D0B740A608} = {4DA9743F-6DFA-4402-AF32-5CD665C43A14}
		{8AA01AA2-16B6-4BC4-A9B3-C86F73226932} = {4DA9743F-6DFA-4402-AF32-5CD665C43A14}
		{CC6F4003-9649-48A2-A291-91AB2187D30B} = {6A05FD55-1745-4433-986F-F3E1B6233689}
		{A14B94C8-D90B-4693-882E-EA811DBEB3EC} = {6A05FD55-1745-4433-986F-F3E1B6233689}
		{DB6AFE33-C55D-4CAC-87F2-8DE4B07084CB} = {6A05FD55-1745-4433-986F-F3E1B6233689}
		{15B3E0D2-6217-493A-A690-158C497F5318} = {32823EEC-A634-4EBD-8B16-E5D69CBCADD3}
		{5F60302A-5BA5-4EAC-B72A-E092CFE0DF72} = {32823EEC-A634-4EBD-8B16-E5D69CBCADD3}
		{E8F92F43-05EC-475C-8B57-FBBC3C1436FE} = {32823EEC-A634-4EBD-8B16-E5D69CBCADD3}
		{50F9AB07-41C7-4D8E-92EE-BB5C0B883A2F} = {32823EEC-A634-4EBD-8B16-E5D69CBCADD3}
		{68C251BC-69BD-4ECE-9D62-F895C6E0DE79} = {FB54E0A0-768C-4E6E-B41D-D5D02CB61172}
		{E6BFA1FD-F3CB-4B60-BC8A-E73989CC0123} = {6DD6585E-F85F-44EF-966C-67E941E998D1}
		{3E914575-74B7-4AD8-A5AA-7ABC54F731CE} = {5F60302A-5BA5-4EAC-B72A-E092CFE0DF72}
	EndGlobalSection
EndGlobal
